
Microsoft Visual Studio Solution File, Format Version 12.00
# Visual Studio Version 16
VisualStudioVersion = 16.0.30804.86
MinimumVisualStudioVersion = 10.0.40219.1
Project("{2150E333-8FDC-42A3-9474-1A3956D46DE8}") = "Application", "Application", "{DDB0C92F-038C-4AF9-80B5-BD091D18B9AB}"
EndProject
Project("{2150E333-8FDC-42A3-9474-1A3956D46DE8}") = "Domain", "Domain", "{BB503BC9-FE0B-4F99-8B4B-CCC658F22F30}"
EndProject
Project("{2150E333-8FDC-42A3-9474-1A3956D46DE8}") = "Framework", "Framework", "{F5AB6FD1-D23A-46EA-8AC8-1179FE10298D}"
EndProject
Project("{2150E333-8FDC-42A3-9474-1A3956D46DE8}") = "Services", "Services", "{C879105C-7A3E-426C-A5AA-8816157520C3}"
EndProject
Project("{FAE04EC0-301F-11D3-BF4B-00C04F79EFBC}") = "TEK-Careers.API", "Application\TEK-Careers.API\TEK-Careers.API.csproj", "{762B41AC-4651-41E3-A7EC-7C182EF419AC}"
	ProjectSection(ProjectDependencies) = postProject
		{CFD43B27-464A-4278-B7CF-4282ED8F07E5} = {CFD43B27-464A-4278-B7CF-4282ED8F07E5}
		{EAFDF274-5E2F-49F5-855C-5507AF1B7FE9} = {EAFDF274-5E2F-49F5-855C-5507AF1B7FE9}
		{E867048D-1FBF-40BC-9683-E9257AF6F29F} = {E867048D-1FBF-40BC-9683-E9257AF6F29F}
		{0E341ECE-6216-4444-B542-F5B92FDA045F} = {0E341ECE-6216-4444-B542-F5B92FDA045F}
		{32F71CD6-3A08-4C74-81B9-EF3F20F7A835} = {32F71CD6-3A08-4C74-81B9-EF3F20F7A835}
		{817AABDD-2D8B-42FC-BA90-AE67197B51BD} = {817AABDD-2D8B-42FC-BA90-AE67197B51BD}
	EndProjectSection
EndProject
Project("{FAE04EC0-301F-11D3-BF4B-00C04F79EFBC}") = "TEK-Careers.Domain.Model", "Domain\TEK-Careers.Domain.Model\TEK-Careers.Domain.Model.csproj", "{817AABDD-2D8B-42FC-BA90-AE67197B51BD}"
	ProjectSection(ProjectDependencies) = postProject
		{E867048D-1FBF-40BC-9683-E9257AF6F29F} = {E867048D-1FBF-40BC-9683-E9257AF6F29F}
	EndProjectSection
EndProject
Project("{FAE04EC0-301F-11D3-BF4B-00C04F79EFBC}") = "TEK-Careers.Domain.Repository", "Domain\TEK-Careers.Domain.Repository\TEK-Careers.Domain.Repository.csproj", "{EAFDF274-5E2F-49F5-855C-5507AF1B7FE9}"
	ProjectSection(ProjectDependencies) = postProject
		{E867048D-1FBF-40BC-9683-E9257AF6F29F} = {E867048D-1FBF-40BC-9683-E9257AF6F29F}
		{32F71CD6-3A08-4C74-81B9-EF3F20F7A835} = {32F71CD6-3A08-4C74-81B9-EF3F20F7A835}
		{817AABDD-2D8B-42FC-BA90-AE67197B51BD} = {817AABDD-2D8B-42FC-BA90-AE67197B51BD}
	EndProjectSection
EndProject
Project("{FAE04EC0-301F-11D3-BF4B-00C04F79EFBC}") = "TEK-Careers.Domain.RepositoryPattern", "Domain\TEK-Careers.Domain.RepositoryPattern\TEK-Careers.Domain.RepositoryPattern.csproj", "{32F71CD6-3A08-4C74-81B9-EF3F20F7A835}"
	ProjectSection(ProjectDependencies) = postProject
		{E867048D-1FBF-40BC-9683-E9257AF6F29F} = {E867048D-1FBF-40BC-9683-E9257AF6F29F}
		{817AABDD-2D8B-42FC-BA90-AE67197B51BD} = {817AABDD-2D8B-42FC-BA90-AE67197B51BD}
	EndProjectSection
EndProject
Project("{FAE04EC0-301F-11D3-BF4B-00C04F79EFBC}") = "TEK-Careers.Framework.GenericRepository", "Framework\TEK-Careers.Framework.GenericRepository\TEK-Careers.Framework.GenericRepository.csproj", "{E867048D-1FBF-40BC-9683-E9257AF6F29F}"
EndProject
Project("{FAE04EC0-301F-11D3-BF4B-00C04F79EFBC}") = "TEK-Careers.Application.ServicePattern", "Services\TEK-Careers.Application.ServicePattern\TEK-Careers.Application.ServicePattern.csproj", "{0E341ECE-6216-4444-B542-F5B92FDA045F}"
EndProject
Project("{FAE04EC0-301F-11D3-BF4B-00C04F79EFBC}") = "TEK-Careers.Application.Services", "Services\TEK-Careers.Application.Services\TEK-Careers.Application.Services.csproj", "{CFD43B27-464A-4278-B7CF-4282ED8F07E5}"
EndProject
Global
	GlobalSection(SolutionConfigurationPlatforms) = preSolution
		Debug|Any CPU = Debug|Any CPU
		Release|Any CPU = Release|Any CPU
	EndGlobalSection
	GlobalSection(ProjectConfigurationPlatforms) = postSolution
		{762B41AC-4651-41E3-A7EC-7C182EF419AC}.Debug|Any CPU.ActiveCfg = Debug|Any CPU
		{762B41AC-4651-41E3-A7EC-7C182EF419AC}.Debug|Any CPU.Build.0 = Debug|Any CPU
		{762B41AC-4651-41E3-A7EC-7C182EF419AC}.Release|Any CPU.ActiveCfg = Release|Any CPU
		{762B41AC-4651-41E3-A7EC-7C182EF419AC}.Release|Any CPU.Build.0 = Release|Any CPU
		{817AABDD-2D8B-42FC-BA90-AE67197B51BD}.Debug|Any CPU.ActiveCfg = Debug|Any CPU
		{817AABDD-2D8B-42FC-BA90-AE67197B51BD}.Debug|Any CPU.Build.0 = Debug|Any CPU
		{817AABDD-2D8B-42FC-BA90-AE67197B51BD}.Release|Any CPU.ActiveCfg = Release|Any CPU
		{817AABDD-2D8B-42FC-BA90-AE67197B51BD}.Release|Any CPU.Build.0 = Release|Any CPU
		{EAFDF274-5E2F-49F5-855C-5507AF1B7FE9}.Debug|Any CPU.ActiveCfg = Debug|Any CPU
		{EAFDF274-5E2F-49F5-855C-5507AF1B7FE9}.Debug|Any CPU.Build.0 = Debug|Any CPU
		{EAFDF274-5E2F-49F5-855C-5507AF1B7FE9}.Release|Any CPU.ActiveCfg = Release|Any CPU
		{EAFDF274-5E2F-49F5-855C-5507AF1B7FE9}.Release|Any CPU.Build.0 = Release|Any CPU
		{32F71CD6-3A08-4C74-81B9-EF3F20F7A835}.Debug|Any CPU.ActiveCfg = Debug|Any CPU
		{32F71CD6-3A08-4C74-81B9-EF3F20F7A835}.Debug|Any CPU.Build.0 = Debug|Any CPU
		{32F71CD6-3A08-4C74-81B9-EF3F20F7A835}.Release|Any CPU.ActiveCfg = Release|Any CPU
		{32F71CD6-3A08-4C74-81B9-EF3F20F7A835}.Release|Any CPU.Build.0 = Release|Any CPU
		{E867048D-1FBF-40BC-9683-E9257AF6F29F}.Debug|Any CPU.ActiveCfg = Debug|Any CPU
		{E867048D-1FBF-40BC-9683-E9257AF6F29F}.Debug|Any CPU.Build.0 = Debug|Any CPU
		{E867048D-1FBF-40BC-9683-E9257AF6F29F}.Release|Any CPU.ActiveCfg = Release|Any CPU
		{E867048D-1FBF-40BC-9683-E9257AF6F29F}.Release|Any CPU.Build.0 = Release|Any CPU
		{0E341ECE-6216-4444-B542-F5B92FDA045F}.Debug|Any CPU.ActiveCfg = Debug|Any CPU
		{0E341ECE-6216-4444-B542-F5B92FDA045F}.Debug|Any CPU.Build.0 = Debug|Any CPU
		{0E341ECE-6216-4444-B542-F5B92FDA045F}.Release|Any CPU.ActiveCfg = Release|Any CPU
		{0E341ECE-6216-4444-B542-F5B92FDA045F}.Release|Any CPU.Build.0 = Release|Any CPU
		{CFD43B27-464A-4278-B7CF-4282ED8F07E5}.Debug|Any CPU.ActiveCfg = Debug|Any CPU
		{CFD43B27-464A-4278-B7CF-4282ED8F07E5}.Debug|Any CPU.Build.0 = Debug|Any CPU
		{CFD43B27-464A-4278-B7CF-4282ED8F07E5}.Release|Any CPU.ActiveCfg = Release|Any CPU
		{CFD43B27-464A-4278-B7CF-4282ED8F07E5}.Release|Any CPU.Build.0 = Release|Any CPU
	EndGlobalSection
	GlobalSection(SolutionProperties) = preSolution
		HideSolutionNode = FALSE
	EndGlobalSection
	GlobalSection(NestedProjects) = preSolution
		{762B41AC-4651-41E3-A7EC-7C182EF419AC} = {DDB0C92F-038C-4AF9-80B5-BD091D18B9AB}
		{817AABDD-2D8B-42FC-BA90-AE67197B51BD} = {BB503BC9-FE0B-4F99-8B4B-CCC658F22F30}
		{EAFDF274-5E2F-49F5-855C-5507AF1B7FE9} = {BB503BC9-FE0B-4F99-8B4B-CCC658F22F30}
		{32F71CD6-3A08-4C74-81B9-EF3F20F7A835} = {BB503BC9-FE0B-4F99-8B4B-CCC658F22F30}
		{E867048D-1FBF-40BC-9683-E9257AF6F29F} = {F5AB6FD1-D23A-46EA-8AC8-1179FE10298D}
		{0E341ECE-6216-4444-B542-F5B92FDA045F} = {C879105C-7A3E-426C-A5AA-8816157520C3}
		{CFD43B27-464A-4278-B7CF-4282ED8F07E5} = {C879105C-7A3E-426C-A5AA-8816157520C3}
	EndGlobalSection
	GlobalSection(ExtensibilityGlobals) = postSolution
		SolutionGuid = {A4156CAF-8C9C-417F-AA51-5F42413A52A6}
	EndGlobalSection
EndGlobal
